
Microsoft Visual Studio Solution File, Format Version 12.00
# Visual Studio Version 17
VisualStudioVersion = 17.2.32616.157
MinimumVisualStudioVersion = 10.0.40219.1
Project("{FAE04EC0-301F-11D3-BF4B-00C04F79EFBC}") = "AttivitaGIT1", "AttivitaGIT1\AttivitaGIT1.csproj", "{AF5791EB-0291-4888-B4CB-4079D9400329}"
EndProject
Global
	GlobalSection(SolutionConfigurationPlatforms) = preSolution
		Debug|Any CPU = Debug|Any CPU
		Release|Any CPU = Release|Any CPU
	EndGlobalSection
	GlobalSection(ProjectConfigurationPlatforms) = postSolution
		{AF5791EB-0291-4888-B4CB-4079D9400329}.Debug|Any CPU.ActiveCfg = Debug|Any CPU
		{AF5791EB-0291-4888-B4CB-4079D9400329}.Debug|Any CPU.Build.0 = Debug|Any CPU
		{AF5791EB-0291-4888-B4CB-4079D9400329}.Release|Any CPU.ActiveCfg = Release|Any CPU
		{AF5791EB-0291-4888-B4CB-4079D9400329}.Release|Any CPU.Build.0 = Release|Any CPU
	EndGlobalSection
	GlobalSection(SolutionProperties) = preSolution
		HideSolutionNode = FALSE
	EndGlobalSection
	GlobalSection(ExtensibilityGlobals) = postSolution
		SolutionGuid = {B5572FE1-81D4-4682-AB91-D5A0DCDA7C13}
	EndGlobalSection
EndGlobal
